{
  "name": "@dosy/discohash",
  "version": "2.0",
  "lockfileVersion": 3,
  "requires": true,
  "packages": {
    "": {
      "name": "@dosy/discohash",
      "version": "2.0",
      "license": "MIT",
      "dependencies": {
        "bigint-crypto-utils": "^3.3.0"
      }
    },
    "node_modules/bigint-crypto-utils": {
      "version": "3.3.0",
      "resolved": "https://registry.npmjs.org/bigint-crypto-utils/-/bigint-crypto-utils-3.3.0.tgz",
      "integrity": "sha512-jOTSb+drvEDxEq6OuUybOAv/xxoh3cuYRUIPyu8sSHQNKM303UQ2R1DAo45o1AkcIXw6fzbaFI1+xGGdaXs2lg==",
      "engines": {
        "node": ">=14.0.0"
      }
    }
  }
}
